
Microsoft Visual Studio Solution File, Format Version 12.00
# Visual Studio Version 17
VisualStudioVersion = 17.7.34024.191
MinimumVisualStudioVersion = 10.0.40219.1
Project("{9A19103F-16F7-4668-BE54-9A1E7A4F7556}") = "ThemeOne", "Themes\ThemeOne\ThemeOne.csproj", "{EF55C438-4D57-404F-AB00-CEFDC8024FFB}"
EndProject
Project("{9A19103F-16F7-4668-BE54-9A1E7A4F7556}") = "OrchardCoreContrib.Email.Azure", "Modules\OrchardCoreContrib.Email.Azure\OrchardCoreContrib.Email.Azure.csproj", "{25BE741B-507B-4844-8524-F989B7A6842A}"
EndProject
Project("{2150E333-8FDC-42A3-9474-1A3956D46DE8}") = "Themes", "Themes", "{936E2965-40F7-4C03-ACC6-8B3CDD7009BE}"
EndProject
Project("{2150E333-8FDC-42A3-9474-1A3956D46DE8}") = "Modules", "Modules", "{0F71704E-53DA-46AD-8E8A-184DC91E70BB}"
EndProject
Project("{2150E333-8FDC-42A3-9474-1A3956D46DE8}") = "Files", "Files", "{8C178011-BAA7-45D1-A670-45EE3B919DF7}"
	ProjectSection(SolutionItems) = preProject
		ssl\csr.conf = ssl\csr.conf
		..\..\Windows\System32\drivers\etc\hosts = ..\..\Windows\System32\drivers\etc\hosts
	EndProjectSection
EndProject
Project("{FAE04EC0-301F-11D3-BF4B-00C04F79EFBC}") = "set", "..\OneDrive - FIS\MiscCode\set\set.csproj", "{3E0078F1-F21D-45A7-8F7E-31DA96C4DCD6}"
EndProject
Project("{9A19103F-16F7-4668-BE54-9A1E7A4F7556}") = "Fis.Users", "Modules\Fis.Users\Fis.Users.csproj", "{72BCE49D-E861-4A4E-95AD-D31F69886347}"
EndProject
Project("{9A19103F-16F7-4668-BE54-9A1E7A4F7556}") = "Fis.TwoFactor", "Modules\Fis.TwoFactor\Fis.TwoFactor.csproj", "{24C989F1-E6BA-4808-9AB7-02D4C08FC71B}"
EndProject
Project("{9A19103F-16F7-4668-BE54-9A1E7A4F7556}") = "fisorchard", "CMS\fisorchard\fisorchard.csproj", "{90D279DE-17B8-4C93-90DA-7BBD988CAA5C}"
EndProject
Project("{9A19103F-16F7-4668-BE54-9A1E7A4F7556}") = "FisAdmin", "Themes\FisAdmin\FisAdmin.csproj", "{9F0FE58F-CE9F-4D73-B12B-D79A1215158C}"
EndProject
Global
	GlobalSection(SolutionConfigurationPlatforms) = preSolution
		Azure|Any CPU = Azure|Any CPU
		Debug|Any CPU = Debug|Any CPU
		DevServer|Any CPU = DevServer|Any CPU
		Release|Any CPU = Release|Any CPU
	EndGlobalSection
	GlobalSection(ProjectConfigurationPlatforms) = postSolution
		{EF55C438-4D57-404F-AB00-CEFDC8024FFB}.Azure|Any CPU.ActiveCfg = Release|Any CPU
		{EF55C438-4D57-404F-AB00-CEFDC8024FFB}.Azure|Any CPU.Build.0 = Release|Any CPU
		{EF55C438-4D57-404F-AB00-CEFDC8024FFB}.Debug|Any CPU.ActiveCfg = Debug|Any CPU
		{EF55C438-4D57-404F-AB00-CEFDC8024FFB}.Debug|Any CPU.Build.0 = Debug|Any CPU
		{EF55C438-4D57-404F-AB00-CEFDC8024FFB}.DevServer|Any CPU.ActiveCfg = Debug|Any CPU
		{EF55C438-4D57-404F-AB00-CEFDC8024FFB}.DevServer|Any CPU.Build.0 = Debug|Any CPU
		{EF55C438-4D57-404F-AB00-CEFDC8024FFB}.Release|Any CPU.ActiveCfg = Release|Any CPU
		{EF55C438-4D57-404F-AB00-CEFDC8024FFB}.Release|Any CPU.Build.0 = Release|Any CPU
		{25BE741B-507B-4844-8524-F989B7A6842A}.Azure|Any CPU.ActiveCfg = Release|Any CPU
		{25BE741B-507B-4844-8524-F989B7A6842A}.Azure|Any CPU.Build.0 = Release|Any CPU
		{25BE741B-507B-4844-8524-F989B7A6842A}.Debug|Any CPU.ActiveCfg = Debug|Any CPU
		{25BE741B-507B-4844-8524-F989B7A6842A}.Debug|Any CPU.Build.0 = Debug|Any CPU
		{25BE741B-507B-4844-8524-F989B7A6842A}.DevServer|Any CPU.ActiveCfg = Debug|Any CPU
		{25BE741B-507B-4844-8524-F989B7A6842A}.DevServer|Any CPU.Build.0 = Debug|Any CPU
		{25BE741B-507B-4844-8524-F989B7A6842A}.Release|Any CPU.ActiveCfg = Release|Any CPU
		{25BE741B-507B-4844-8524-F989B7A6842A}.Release|Any CPU.Build.0 = Release|Any CPU
		{3E0078F1-F21D-45A7-8F7E-31DA96C4DCD6}.Azure|Any CPU.ActiveCfg = Azure|Any CPU
		{3E0078F1-F21D-45A7-8F7E-31DA96C4DCD6}.Azure|Any CPU.Build.0 = Azure|Any CPU
		{3E0078F1-F21D-45A7-8F7E-31DA96C4DCD6}.Debug|Any CPU.ActiveCfg = Debug|Any CPU
		{3E0078F1-F21D-45A7-8F7E-31DA96C4DCD6}.Debug|Any CPU.Build.0 = Debug|Any CPU
		{3E0078F1-F21D-45A7-8F7E-31DA96C4DCD6}.DevServer|Any CPU.ActiveCfg = DevServer|Any CPU
		{3E0078F1-F21D-45A7-8F7E-31DA96C4DCD6}.DevServer|Any CPU.Build.0 = DevServer|Any CPU
		{3E0078F1-F21D-45A7-8F7E-31DA96C4DCD6}.Release|Any CPU.ActiveCfg = Release|Any CPU
		{3E0078F1-F21D-45A7-8F7E-31DA96C4DCD6}.Release|Any CPU.Build.0 = Release|Any CPU
		{72BCE49D-E861-4A4E-95AD-D31F69886347}.Azure|Any CPU.ActiveCfg = Debug|Any CPU
		{72BCE49D-E861-4A4E-95AD-D31F69886347}.Azure|Any CPU.Build.0 = Debug|Any CPU
		{72BCE49D-E861-4A4E-95AD-D31F69886347}.Debug|Any CPU.ActiveCfg = Debug|Any CPU
		{72BCE49D-E861-4A4E-95AD-D31F69886347}.Debug|Any CPU.Build.0 = Debug|Any CPU
		{72BCE49D-E861-4A4E-95AD-D31F69886347}.DevServer|Any CPU.ActiveCfg = Debug|Any CPU
		{72BCE49D-E861-4A4E-95AD-D31F69886347}.DevServer|Any CPU.Build.0 = Debug|Any CPU
		{72BCE49D-E861-4A4E-95AD-D31F69886347}.Release|Any CPU.ActiveCfg = Release|Any CPU
		{72BCE49D-E861-4A4E-95AD-D31F69886347}.Release|Any CPU.Build.0 = Release|Any CPU
		{24C989F1-E6BA-4808-9AB7-02D4C08FC71B}.Azure|Any CPU.ActiveCfg = Debug|Any CPU
		{24C989F1-E6BA-4808-9AB7-02D4C08FC71B}.Azure|Any CPU.Build.0 = Debug|Any CPU
		{24C989F1-E6BA-4808-9AB7-02D4C08FC71B}.Debug|Any CPU.ActiveCfg = Debug|Any CPU
		{24C989F1-E6BA-4808-9AB7-02D4C08FC71B}.Debug|Any CPU.Build.0 = Debug|Any CPU
		{24C989F1-E6BA-4808-9AB7-02D4C08FC71B}.DevServer|Any CPU.ActiveCfg = Debug|Any CPU
		{24C989F1-E6BA-4808-9AB7-02D4C08FC71B}.DevServer|Any CPU.Build.0 = Debug|Any CPU
		{24C989F1-E6BA-4808-9AB7-02D4C08FC71B}.Release|Any CPU.ActiveCfg = Release|Any CPU
		{24C989F1-E6BA-4808-9AB7-02D4C08FC71B}.Release|Any CPU.Build.0 = Release|Any CPU
		{90D279DE-17B8-4C93-90DA-7BBD988CAA5C}.Azure|Any CPU.ActiveCfg = Debug|Any CPU
		{90D279DE-17B8-4C93-90DA-7BBD988CAA5C}.Azure|Any CPU.Build.0 = Debug|Any CPU
		{90D279DE-17B8-4C93-90DA-7BBD988CAA5C}.Debug|Any CPU.ActiveCfg = Debug|Any CPU
		{90D279DE-17B8-4C93-90DA-7BBD988CAA5C}.Debug|Any CPU.Build.0 = Debug|Any CPU
		{90D279DE-17B8-4C93-90DA-7BBD988CAA5C}.DevServer|Any CPU.ActiveCfg = Debug|Any CPU
		{90D279DE-17B8-4C93-90DA-7BBD988CAA5C}.DevServer|Any CPU.Build.0 = Debug|Any CPU
		{90D279DE-17B8-4C93-90DA-7BBD988CAA5C}.Release|Any CPU.ActiveCfg = Release|Any CPU
		{90D279DE-17B8-4C93-90DA-7BBD988CAA5C}.Release|Any CPU.Build.0 = Release|Any CPU
		{9F0FE58F-CE9F-4D73-B12B-D79A1215158C}.Azure|Any CPU.ActiveCfg = Debug|Any CPU
		{9F0FE58F-CE9F-4D73-B12B-D79A1215158C}.Azure|Any CPU.Build.0 = Debug|Any CPU
		{9F0FE58F-CE9F-4D73-B12B-D79A1215158C}.Debug|Any CPU.ActiveCfg = Debug|Any CPU
		{9F0FE58F-CE9F-4D73-B12B-D79A1215158C}.Debug|Any CPU.Build.0 = Debug|Any CPU
		{9F0FE58F-CE9F-4D73-B12B-D79A1215158C}.DevServer|Any CPU.ActiveCfg = Debug|Any CPU
		{9F0FE58F-CE9F-4D73-B12B-D79A1215158C}.DevServer|Any CPU.Build.0 = Debug|Any CPU
		{9F0FE58F-CE9F-4D73-B12B-D79A1215158C}.Release|Any CPU.ActiveCfg = Release|Any CPU
		{9F0FE58F-CE9F-4D73-B12B-D79A1215158C}.Release|Any CPU.Build.0 = Release|Any CPU
	EndGlobalSection
	GlobalSection(SolutionProperties) = preSolution
		HideSolutionNode = FALSE
	EndGlobalSection
	GlobalSection(NestedProjects) = preSolution
		{EF55C438-4D57-404F-AB00-CEFDC8024FFB} = {936E2965-40F7-4C03-ACC6-8B3CDD7009BE}
		{25BE741B-507B-4844-8524-F989B7A6842A} = {0F71704E-53DA-46AD-8E8A-184DC91E70BB}
		{3E0078F1-F21D-45A7-8F7E-31DA96C4DCD6} = {8C178011-BAA7-45D1-A670-45EE3B919DF7}
		{72BCE49D-E861-4A4E-95AD-D31F69886347} = {0F71704E-53DA-46AD-8E8A-184DC91E70BB}
		{24C989F1-E6BA-4808-9AB7-02D4C08FC71B} = {0F71704E-53DA-46AD-8E8A-184DC91E70BB}
		{9F0FE58F-CE9F-4D73-B12B-D79A1215158C} = {936E2965-40F7-4C03-ACC6-8B3CDD7009BE}
	EndGlobalSection
	GlobalSection(ExtensibilityGlobals) = postSolution
		SolutionGuid = {B295ECFE-5F42-4F9F-BC3B-9C5A47E81F5C}
	EndGlobalSection
EndGlobal
